// !$*UTF8*$!
{
	archiveVersion = 1;
	classes = {
	};
	objectVersion = 77;
	objects = {

/* Begin PBXBuildFile section */
		B1C0F700A1B2C3D4E5F60032 /* CreateServerView.swift in Sources */ = {isa = PBXBuildFile; fileRef = B1C0F700A1B2C3D4E5F60005 /* CreateServerView.swift */; };
		B1C0F700A1B2C3D4E5F60033 /* DoneToolbarTextField.swift in Sources */ = {isa = PBXBuildFile; fileRef = B1C0F700A1B2C3D4E5F60006 /* DoneToolbarTextField.swift */; };
		B1C0F700A1B2C3D4E5F60034 /* FileBrowserView.swift in Sources */ = {isa = PBXBuildFile; fileRef = B1C0F700A1B2C3D4E5F60007 /* FileBrowserView.swift */; };
		B1C0F700A1B2C3D4E5F60035 /* JessiJITCheck.m in Sources */ = {isa = PBXBuildFile; fileRef = B1C0F700A1B2C3D4E5F60009 /* JessiJITCheck.m */; };
		B1C0F700A1B2C3D4E5F60036 /* LaunchView.swift in Sources */ = {isa = PBXBuildFile; fileRef = B1C0F700A1B2C3D4E5F6000A /* LaunchView.swift */; };
		B1C0F700A1B2C3D4E5F60037 /* RootTabView.swift in Sources */ = {isa = PBXBuildFile; fileRef = B1C0F700A1B2C3D4E5F6000B /* RootTabView.swift */; };
		B1C0F700A1B2C3D4E5F60038 /* SettingsView.swift in Sources */ = {isa = PBXBuildFile; fileRef = B1C0F700A1B2C3D4E5F6000C /* SettingsView.swift */; };
		B1C0F700A1B2C3D4E5F60039 /* SwiftUIEntry.swift in Sources */ = {isa = PBXBuildFile; fileRef = B1C0F700A1B2C3D4E5F6000D /* SwiftUIEntry.swift */; };
		B1C0F700A1B2C3D4E5F6003A /* JessiAppDelegate.m in Sources */ = {isa = PBXBuildFile; fileRef = B1C0F700A1B2C3D4E5F60011 /* JessiAppDelegate.m */; };
		B1C0F700A1B2C3D4E5F6003B /* JessiJavaRunner.m in Sources */ = {isa = PBXBuildFile; fileRef = B1C0F700A1B2C3D4E5F60012 /* JessiJavaRunner.m */; };
		B1C0F700A1B2C3D4E5F6003C /* JessiPaths.m in Sources */ = {isa = PBXBuildFile; fileRef = B1C0F700A1B2C3D4E5F60014 /* JessiPaths.m */; };
		B1C0F700A1B2C3D4E5F6003D /* JessiServerService.m in Sources */ = {isa = PBXBuildFile; fileRef = B1C0F700A1B2C3D4E5F60016 /* JessiServerService.m */; };
		B1C0F700A1B2C3D4E5F6003E /* JessiServerSoftware.m in Sources */ = {isa = PBXBuildFile; fileRef = B1C0F700A1B2C3D4E5F60018 /* JessiServerSoftware.m */; };
		B1C0F700A1B2C3D4E5F6003F /* JessiSettings.m in Sources */ = {isa = PBXBuildFile; fileRef = B1C0F700A1B2C3D4E5F6001A /* JessiSettings.m */; };
		B1C0F700A1B2C3D4E5F60040 /* main.m in Sources */ = {isa = PBXBuildFile; fileRef = B1C0F700A1B2C3D4E5F6001B /* main.m */; };
		B1C0F700A1B2C3D4E5F60041 /* Assets.xcassets in Resources */ = {isa = PBXBuildFile; fileRef = B1C0F700A1B2C3D4E5F60001 /* Assets.xcassets */; };
		B1C0F700A1B2C3D4E5F60042 /* mach_excServer.c in Sources */ = {isa = PBXBuildFile; fileRef = B1C0F700A1B2C3D4E5F6001C /* mach_excServer.c */; };
		B1C0F700A1B2C3D4E5F60043 /* mach_excUser.c in Sources */ = {isa = PBXBuildFile; fileRef = B1C0F700A1B2C3D4E5F6001E /* mach_excUser.c */; };
		B1C0F700A1B2C3D4E5F60044 /* ModsView.swift in Sources */ = {isa = PBXBuildFile; fileRef = B1C0F700A1B2C3D4E5F60020 /* ModsView.swift */; };
		B1C0F700A1B2C3D4E5F60045 /* Logger.swift in Sources */ = {isa = PBXBuildFile; fileRef = B1C0F700A1B2C3D4E5F60021 /* Logger.swift */; };
		B1C0F700A1B2C3D4E5F60046 /* RemoteImage.swift in Sources */ = {isa = PBXBuildFile; fileRef = B1C0F700A1B2C3D4E5F60022 /* RemoteImage.swift */; };
		B1C0F700A1B2C3D4E5F60047 /* TunnelingView.swift in Sources */ = {isa = PBXBuildFile; fileRef = B1C0F700A1B2C3D4E5F60023 /* TunnelingView.swift */; };
		B1C0F700A1B2C3D4E5F60048 /* UniversalJIT26Extension.js in Resources */ = {isa = PBXBuildFile; fileRef = B1C0F700A1B2C3D4E5F60024 /* UniversalJIT26Extension.js */; };
		B1C0F700A1B2C3D4E5F60711 /* EaglercraftIndex.html in Resources */ = {isa = PBXBuildFile; fileRef = B1C0F700A1B2C3D4E5F60701 /* EaglercraftIndex.html */; };
		B1C0F700A1B2C3D4E5F60712 /* EaglercraftInject.html in Resources */ = {isa = PBXBuildFile; fileRef = B1C0F700A1B2C3D4E5F60702 /* EaglercraftInject.html */; };
		B1C0F700A1B2C3D4E5F60713 /* EaglercraftSupport.swift in Sources */ = {isa = PBXBuildFile; fileRef = B1C0F700A1B2C3D4E5F60703 /* EaglercraftSupport.swift */; };
		B1C0F700A1B2C3D4E5F60049 /* DeviceNames.swift in Sources */ = {isa = PBXBuildFile; fileRef = B1C0F700A1B2C3D4E5F60025 /* DeviceNames.swift */; };
		B1C0F700A1B2C3D4E5F60051 /* ServerProperties.swift in Sources */ = {isa = PBXBuildFile; fileRef = B1C0F700A1B2C3D4E5F60050 /* ServerProperties.swift */; };
		B1C0F700A1B2C3D4E5F60091 /* ResourcePacks.swift in Sources */ = {isa = PBXBuildFile; fileRef = B1C0F700A1B2C3D4E5F60090 /* ResourcePacks.swift */; };
		B1C0F700A1B2C3D4E5F60110 /* ZIPFoundation in Frameworks */ = {isa = PBXBuildFile; productRef = B1C0F700A1B2C3D4E5F60100 /* ZIPFoundation */; };
		B1C0F700A1B2C3D4E5F60111 /* SWCompression in Frameworks */ = {isa = PBXBuildFile; productRef = B1C0F700A1B2C3D4E5F60101 /* SWCompression */; };
		B1C0F700A1B2C3D4E5F60201 /* JITEnabler.swift in Sources */ = {isa = PBXBuildFile; fileRef = B1C0F700A1B2C3D4E5F60281 /* JITEnabler.swift */; };
		B1C0F700A1B2C3D4E5F60202 /* JITEnablerView.swift in Sources */ = {isa = PBXBuildFile; fileRef = B1C0F700A1B2C3D4E5F60282 /* JITEnablerView.swift */; };
		B1C0F700A1B2C3D4E5F60203 /* JITHelperRequestHandler.swift in Sources */ = {isa = PBXBuildFile; fileRef = B1C0F700A1B2C3D4E5F60283 /* JITHelperRequestHandler.swift */; };
		B1C0F700A1B2C3D4E5F60204 /* IdeviceSupport.swift in Sources */ = {isa = PBXBuildFile; fileRef = B1C0F700A1B2C3D4E5F60284 /* IdeviceSupport.swift */; };
		B1C0F700A1B2C3D4E5F60205 /* JITScriptRunner.swift in Sources */ = {isa = PBXBuildFile; fileRef = B1C0F700A1B2C3D4E5F60285 /* JITScriptRunner.swift */; };
		B1C0F700A1B2C3D4E5F60206 /* DeveloperDiskImage.swift in Sources */ = {isa = PBXBuildFile; fileRef = B1C0F700A1B2C3D4E5F60286 /* DeveloperDiskImage.swift */; };
		B1C0F700A1B2C3D4E5F60207 /* universal.js in Resources */ = {isa = PBXBuildFile; fileRef = B1C0F700A1B2C3D4E5F60287 /* universal.js */; };
		B1C0F700A1B2C3D4E5F60208 /* JITHelper.appex in Embed Foundation Extensions */ = {isa = PBXBuildFile; fileRef = B1C0F700A1B2C3D4E5F60290 /* JITHelper.appex */; platformFilter = ios; settings = {ATTRIBUTES = (RemoveHeadersOnCopy, ); }; };
		B1C0F700A1B2C3D4E5F60301 /* fishhook.c in Sources */ = {isa = PBXBuildFile; fileRef = B1C0F700A1B2C3D4E5F60381 /* fishhook.c */; };
		B1C0F700A1B2C3D4E5F60302 /* JessiPrebootRedirect.m in Sources */ = {isa = PBXBuildFile; fileRef = B1C0F700A1B2C3D4E5F60383 /* JessiPrebootRedirect.m */; };
		B1C0F700A1B2C3D4E5F60411 /* JessiWorkerRequestHandler.m in Sources */ = {isa = PBXBuildFile; fileRef = B1C0F700A1B2C3D4E5F60401 /* JessiWorkerRequestHandler.m */; };
		B1C0F700A1B2C3D4E5F60412 /* JessiJavaRunner.m in Sources */ = {isa = PBXBuildFile; fileRef = B1C0F700A1B2C3D4E5F60012 /* JessiJavaRunner.m */; };
		B1C0F700A1B2C3D4E5F60413 /* JessiPaths.m in Sources */ = {isa = PBXBuildFile; fileRef = B1C0F700A1B2C3D4E5F60014 /* JessiPaths.m */; };
		B1C0F700A1B2C3D4E5F60414 /* JessiSettings.m in Sources */ = {isa = PBXBuildFile; fileRef = B1C0F700A1B2C3D4E5F6001A /* JessiSettings.m */; };
		B1C0F700A1B2C3D4E5F60415 /* JessiPrebootRedirect.m in Sources */ = {isa = PBXBuildFile; fileRef = B1C0F700A1B2C3D4E5F60383 /* JessiPrebootRedirect.m */; };
		B1C0F700A1B2C3D4E5F60416 /* fishhook.c in Sources */ = {isa = PBXBuildFile; fileRef = B1C0F700A1B2C3D4E5F60381 /* fishhook.c */; };
		B1C0F700A1B2C3D4E5F60417 /* mach_excServer.c in Sources */ = {isa = PBXBuildFile; fileRef = B1C0F700A1B2C3D4E5F6001C /* mach_excServer.c */; };
		B1C0F700A1B2C3D4E5F60418 /* mach_excUser.c in Sources */ = {isa = PBXBuildFile; fileRef = B1C0F700A1B2C3D4E5F6001E /* mach_excUser.c */; };
		B1C0F700A1B2C3D4E5F60419 /* JessiJITCheck.m in Sources */ = {isa = PBXBuildFile; fileRef = B1C0F700A1B2C3D4E5F60009 /* JessiJITCheck.m */; };
		B1C0F700A1B2C3D4E5F60420 /* JessiWorkerHost.m in Sources */ = {isa = PBXBuildFile; fileRef = B1C0F700A1B2C3D4E5F60406 /* JessiWorkerHost.m */; };
		B1C0F700A1B2C3D4E5F60421 /* JESSIWorker.appex in Embed Foundation Extensions */ = {isa = PBXBuildFile; fileRef = B1C0F700A1B2C3D4E5F60404 /* JESSIWorker.appex */; platformFilter = ios; settings = {ATTRIBUTES = (RemoveHeadersOnCopy, ); }; };
		B1C0F700A1B2C3D4E5F60422 /* JessiWorkerEntry.m in Sources */ = {isa = PBXBuildFile; fileRef = B1C0F700A1B2C3D4E5F60407 /* JessiWorkerEntry.m */; };
		B1C0F700A1B2C3D4E5F60611 /* JessiWorkerPayload.m in Sources */ = {isa = PBXBuildFile; fileRef = B1C0F700A1B2C3D4E5F60601 /* JessiWorkerPayload.m */; };
		B1C0F700A1B2C3D4E5F60612 /* JessiWorkerCore.framework in Frameworks */ = {isa = PBXBuildFile; fileRef = B1C0F700A1B2C3D4E5F60602 /* JessiWorkerCore.framework */; };
		B1C0F700A1B2C3D4E5F60613 /* JessiWorkerCore.framework in Embed Frameworks */ = {isa = PBXBuildFile; fileRef = B1C0F700A1B2C3D4E5F60602 /* JessiWorkerCore.framework */; platformFilter = ios; settings = {ATTRIBUTES = (CodeSignOnCopy, RemoveHeadersOnCopy, ); }; };
		B1C0F700A1B2C3D4E5F60511 /* JITSession.swift in Sources */ = {isa = PBXBuildFile; fileRef = B1C0F700A1B2C3D4E5F60501 /* JITSession.swift */; };
		B1C0F700A1B2C3D4E5F60512 /* JessiJIT.framework in Frameworks */ = {isa = PBXBuildFile; fileRef = B1C0F700A1B2C3D4E5F60502 /* JessiJIT.framework */; };
		B1C0F700A1B2C3D4E5F60513 /* JessiJIT.framework in Embed Frameworks */ = {isa = PBXBuildFile; fileRef = B1C0F700A1B2C3D4E5F60502 /* JessiJIT.framework */; platformFilter = ios; settings = {ATTRIBUTES = (CodeSignOnCopy, RemoveHeadersOnCopy, ); }; };
		B1C0F700A1B2C3D4E5F60514 /* JessiJIT.framework in Frameworks */ = {isa = PBXBuildFile; fileRef = B1C0F700A1B2C3D4E5F60502 /* JessiJIT.framework */; platformFilter = ios; };
/* End PBXBuildFile section */

/* Begin PBXContainerItemProxy section */
		B1C0F700A1B2C3D4E5F602A0 /* PBXContainerItemProxy */ = {
			isa = PBXContainerItemProxy;
			containerPortal = A6C524872F2873DF0030EE41 /* Project object */;
			proxyType = 1;
			remoteGlobalIDString = B1C0F700A1B2C3D4E5F602B0;
			remoteInfo = JITHelper;
		};
		B1C0F700A1B2C3D4E5F60450 /* PBXContainerItemProxy */ = {
			isa = PBXContainerItemProxy;
			containerPortal = A6C524872F2873DF0030EE41 /* Project object */;
			proxyType = 1;
			remoteGlobalIDString = B1C0F700A1B2C3D4E5F60430;
			remoteInfo = JESSIWorker;
		};
		B1C0F700A1B2C3D4E5F60550 /* PBXContainerItemProxy */ = {
			isa = PBXContainerItemProxy;
			containerPortal = A6C524872F2873DF0030EE41 /* Project object */;
			proxyType = 1;
			remoteGlobalIDString = B1C0F700A1B2C3D4E5F60530;
			remoteInfo = JessiJIT;
		};
		B1C0F700A1B2C3D4E5F60552 /* PBXContainerItemProxy */ = {
			isa = PBXContainerItemProxy;
			containerPortal = A6C524872F2873DF0030EE41 /* Project object */;
			proxyType = 1;
			remoteGlobalIDString = B1C0F700A1B2C3D4E5F60530;
			remoteInfo = JessiJIT;
		};
		B1C0F700A1B2C3D4E5F60650 /* PBXContainerItemProxy */ = {
			isa = PBXContainerItemProxy;
			containerPortal = A6C524872F2873DF0030EE41 /* Project object */;
			proxyType = 1;
			remoteGlobalIDString = B1C0F700A1B2C3D4E5F60630;
			remoteInfo = JessiWorkerCore;
		};
		B1C0F700A1B2C3D4E5F60652 /* PBXContainerItemProxy */ = {
			isa = PBXContainerItemProxy;
			containerPortal = A6C524872F2873DF0030EE41 /* Project object */;
			proxyType = 1;
			remoteGlobalIDString = B1C0F700A1B2C3D4E5F60630;
			remoteInfo = JessiWorkerCore;
		};
/* End PBXContainerItemProxy section */

/* Begin PBXCopyFilesBuildPhase section */
		B1C0F700A1B2C3D4E5F602A1 /* Embed Foundation Extensions */ = {
			isa = PBXCopyFilesBuildPhase;
			buildActionMask = 2147483647;
			dstPath = "";
			dstSubfolderSpec = 13;
			files = (
				B1C0F700A1B2C3D4E5F60208 /* JITHelper.appex in Embed Foundation Extensions */,
				B1C0F700A1B2C3D4E5F60421 /* JESSIWorker.appex in Embed Foundation Extensions */,
			);
			name = "Embed Foundation Extensions";
			runOnlyForDeploymentPostprocessing = 0;
		};
		B1C0F700A1B2C3D4E5F60560 /* Embed Frameworks */ = {
			isa = PBXCopyFilesBuildPhase;
			buildActionMask = 2147483647;
			dstPath = "";
			dstSubfolderSpec = 10;
			files = (
				B1C0F700A1B2C3D4E5F60513 /* JessiJIT.framework in Embed Frameworks */,
				B1C0F700A1B2C3D4E5F60613 /* JessiWorkerCore.framework in Embed Frameworks */,
			);
			name = "Embed Frameworks";
			runOnlyForDeploymentPostprocessing = 0;
		};
/* End PBXCopyFilesBuildPhase section */

/* Begin PBXFileReference section */
		A6C5248F2F2873DF0030EE41 /* JESSI.app */ = {isa = PBXFileReference; explicitFileType = wrapper.application; includeInIndex = 0; path = JESSI.app; sourceTree = BUILT_PRODUCTS_DIR; };
		B1C0F700A1B2C3D4E5F60001 /* Assets.xcassets */ = {isa = PBXFileReference; lastKnownFileType = folder.assetcatalog; path = Assets.xcassets; sourceTree = "<group>"; };
		B1C0F700A1B2C3D4E5F60004 /* Bridging.h */ = {isa = PBXFileReference; lastKnownFileType = sourcecode.c.h; path = Bridging.h; sourceTree = "<group>"; };
		B1C0F700A1B2C3D4E5F60005 /* CreateServerView.swift */ = {isa = PBXFileReference; lastKnownFileType = sourcecode.swift; path = CreateServerView.swift; sourceTree = "<group>"; };
		B1C0F700A1B2C3D4E5F60006 /* DoneToolbarTextField.swift */ = {isa = PBXFileReference; lastKnownFileType = sourcecode.swift; path = DoneToolbarTextField.swift; sourceTree = "<group>"; };
		B1C0F700A1B2C3D4E5F60007 /* FileBrowserView.swift */ = {isa = PBXFileReference; lastKnownFileType = sourcecode.swift; path = FileBrowserView.swift; sourceTree = "<group>"; };
		B1C0F700A1B2C3D4E5F60008 /* JessiJITCheck.h */ = {isa = PBXFileReference; lastKnownFileType = sourcecode.c.h; path = JessiJITCheck.h; sourceTree = "<group>"; };
		B1C0F700A1B2C3D4E5F60009 /* JessiJITCheck.m */ = {isa = PBXFileReference; lastKnownFileType = sourcecode.c.objc; path = JessiJITCheck.m; sourceTree = "<group>"; };
		B1C0F700A1B2C3D4E5F6000A /* LaunchView.swift */ = {isa = PBXFileReference; lastKnownFileType = sourcecode.swift; path = LaunchView.swift; sourceTree = "<group>"; };
		B1C0F700A1B2C3D4E5F6000B /* RootTabView.swift */ = {isa = PBXFileReference; lastKnownFileType = sourcecode.swift; path = RootTabView.swift; sourceTree = "<group>"; };
		B1C0F700A1B2C3D4E5F6000C /* SettingsView.swift */ = {isa = PBXFileReference; lastKnownFileType = sourcecode.swift; path = SettingsView.swift; sourceTree = "<group>"; };
		B1C0F700A1B2C3D4E5F6000D /* SwiftUIEntry.swift */ = {isa = PBXFileReference; lastKnownFileType = sourcecode.swift; path = SwiftUIEntry.swift; sourceTree = "<group>"; };
		B1C0F700A1B2C3D4E5F60010 /* JessiAppDelegate.h */ = {isa = PBXFileReference; lastKnownFileType = sourcecode.c.h; path = JessiAppDelegate.h; sourceTree = "<group>"; };
		B1C0F700A1B2C3D4E5F60011 /* JessiAppDelegate.m */ = {isa = PBXFileReference; lastKnownFileType = sourcecode.c.objc; path = JessiAppDelegate.m; sourceTree = "<group>"; };
		B1C0F700A1B2C3D4E5F60012 /* JessiJavaRunner.m */ = {isa = PBXFileReference; lastKnownFileType = sourcecode.c.objc; path = JessiJavaRunner.m; sourceTree = "<group>"; };
		B1C0F700A1B2C3D4E5F60013 /* JessiPaths.h */ = {isa = PBXFileReference; lastKnownFileType = sourcecode.c.h; path = JessiPaths.h; sourceTree = "<group>"; };
		B1C0F700A1B2C3D4E5F60014 /* JessiPaths.m */ = {isa = PBXFileReference; lastKnownFileType = sourcecode.c.objc; path = JessiPaths.m; sourceTree = "<group>"; };
		B1C0F700A1B2C3D4E5F60015 /* JessiServerService.h */ = {isa = PBXFileReference; lastKnownFileType = sourcecode.c.h; path = JessiServerService.h; sourceTree = "<group>"; };
		B1C0F700A1B2C3D4E5F60016 /* JessiServerService.m */ = {isa = PBXFileReference; lastKnownFileType = sourcecode.c.objc; path = JessiServerService.m; sourceTree = "<group>"; };
		B1C0F700A1B2C3D4E5F60017 /* JessiServerSoftware.h */ = {isa = PBXFileReference; lastKnownFileType = sourcecode.c.h; path = JessiServerSoftware.h; sourceTree = "<group>"; };
		B1C0F700A1B2C3D4E5F60018 /* JessiServerSoftware.m */ = {isa = PBXFileReference; lastKnownFileType = sourcecode.c.objc; path = JessiServerSoftware.m; sourceTree = "<group>"; };
		B1C0F700A1B2C3D4E5F60019 /* JessiSettings.h */ = {isa = PBXFileReference; lastKnownFileType = sourcecode.c.h; path = JessiSettings.h; sourceTree = "<group>"; };
		B1C0F700A1B2C3D4E5F6001A /* JessiSettings.m */ = {isa = PBXFileReference; lastKnownFileType = sourcecode.c.objc; path = JessiSettings.m; sourceTree = "<group>"; };
		B1C0F700A1B2C3D4E5F6001B /* main.m */ = {isa = PBXFileReference; lastKnownFileType = sourcecode.c.objc; path = main.m; sourceTree = "<group>"; };
		B1C0F700A1B2C3D4E5F6001C /* mach_excServer.c */ = {isa = PBXFileReference; lastKnownFileType = sourcecode.c.c; path = mach_excServer.c; sourceTree = "<group>"; };
		B1C0F700A1B2C3D4E5F6001D /* mach_excServer.h */ = {isa = PBXFileReference; lastKnownFileType = sourcecode.c.h; path = mach_excServer.h; sourceTree = "<group>"; };
		B1C0F700A1B2C3D4E5F6001E /* mach_excUser.c */ = {isa = PBXFileReference; lastKnownFileType = sourcecode.c.c; path = mach_excUser.c; sourceTree = "<group>"; };
		B1C0F700A1B2C3D4E5F6001F /* mach_excUser.h */ = {isa = PBXFileReference; lastKnownFileType = sourcecode.c.h; path = mach_excUser.h; sourceTree = "<group>"; };
		B1C0F700A1B2C3D4E5F60020 /* ModsView.swift */ = {isa = PBXFileReference; lastKnownFileType = sourcecode.swift; path = ModsView.swift; sourceTree = "<group>"; };
		B1C0F700A1B2C3D4E5F60021 /* Logger.swift */ = {isa = PBXFileReference; lastKnownFileType = sourcecode.swift; path = Logger.swift; sourceTree = "<group>"; };
		B1C0F700A1B2C3D4E5F60022 /* RemoteImage.swift */ = {isa = PBXFileReference; lastKnownFileType = sourcecode.swift; path = RemoteImage.swift; sourceTree = "<group>"; };
		B1C0F700A1B2C3D4E5F60023 /* TunnelingView.swift */ = {isa = PBXFileReference; lastKnownFileType = sourcecode.swift; path = TunnelingView.swift; sourceTree = "<group>"; };
		B1C0F700A1B2C3D4E5F60024 /* UniversalJIT26Extension.js */ = {isa = PBXFileReference; lastKnownFileType = sourcecode.javascript; path = UniversalJIT26Extension.js; sourceTree = "<group>"; };
		B1C0F700A1B2C3D4E5F60701 /* EaglercraftIndex.html */ = {isa = PBXFileReference; lastKnownFileType = text.html; path = EaglercraftIndex.html; sourceTree = "<group>"; };
		B1C0F700A1B2C3D4E5F60702 /* EaglercraftInject.html */ = {isa = PBXFileReference; lastKnownFileType = text.html; path = EaglercraftInject.html; sourceTree = "<group>"; };
		B1C0F700A1B2C3D4E5F60703 /* EaglercraftSupport.swift */ = {isa = PBXFileReference; lastKnownFileType = sourcecode.swift; path = EaglercraftSupport.swift; sourceTree = "<group>"; };
		B1C0F700A1B2C3D4E5F60025 /* DeviceNames.swift */ = {isa = PBXFileReference; lastKnownFileType = sourcecode.swift; path = DeviceNames.swift; sourceTree = "<group>"; };
		B1C0F700A1B2C3D4E5F60050 /* ServerProperties.swift */ = {isa = PBXFileReference; lastKnownFileType = sourcecode.swift; path = ServerProperties.swift; sourceTree = "<group>"; };
		B1C0F700A1B2C3D4E5F60090 /* ResourcePacks.swift */ = {isa = PBXFileReference; lastKnownFileType = sourcecode.swift; path = ResourcePacks.swift; sourceTree = "<group>"; };
		B1C0F700A1B2C3D4E5F60281 /* JITEnabler.swift */ = {isa = PBXFileReference; lastKnownFileType = sourcecode.swift; path = JITEnabler.swift; sourceTree = "<group>"; };
		B1C0F700A1B2C3D4E5F60282 /* JITEnablerView.swift */ = {isa = PBXFileReference; lastKnownFileType = sourcecode.swift; path = JITEnablerView.swift; sourceTree = "<group>"; };
		B1C0F700A1B2C3D4E5F60283 /* JITHelperRequestHandler.swift */ = {isa = PBXFileReference; lastKnownFileType = sourcecode.swift; path = JITHelperRequestHandler.swift; sourceTree = "<group>"; };
		B1C0F700A1B2C3D4E5F60284 /* IdeviceSupport.swift */ = {isa = PBXFileReference; lastKnownFileType = sourcecode.swift; path = IdeviceSupport.swift; sourceTree = "<group>"; };
		B1C0F700A1B2C3D4E5F60285 /* JITScriptRunner.swift */ = {isa = PBXFileReference; lastKnownFileType = sourcecode.swift; path = JITScriptRunner.swift; sourceTree = "<group>"; };
		B1C0F700A1B2C3D4E5F60286 /* DeveloperDiskImage.swift */ = {isa = PBXFileReference; lastKnownFileType = sourcecode.swift; path = DeveloperDiskImage.swift; sourceTree = "<group>"; };
		B1C0F700A1B2C3D4E5F60287 /* universal.js */ = {isa = PBXFileReference; lastKnownFileType = sourcecode.javascript; path = universal.js; sourceTree = "<group>"; };
		B1C0F700A1B2C3D4E5F60288 /* Info.plist */ = {isa = PBXFileReference; lastKnownFileType = text.plist.xml; path = Info.plist; sourceTree = "<group>"; };
		B1C0F700A1B2C3D4E5F60290 /* JITHelper.appex */ = {isa = PBXFileReference; explicitFileType = "wrapper.app-extension"; includeInIndex = 0; path = JITHelper.appex; sourceTree = BUILT_PRODUCTS_DIR; };
		B1C0F700A1B2C3D4E5F60381 /* fishhook.c */ = {isa = PBXFileReference; lastKnownFileType = sourcecode.c.c; path = fishhook.c; sourceTree = "<group>"; };
		B1C0F700A1B2C3D4E5F60382 /* fishhook.h */ = {isa = PBXFileReference; lastKnownFileType = sourcecode.c.h; path = fishhook.h; sourceTree = "<group>"; };
		B1C0F700A1B2C3D4E5F60383 /* JessiPrebootRedirect.m */ = {isa = PBXFileReference; lastKnownFileType = sourcecode.c.objc; path = JessiPrebootRedirect.m; sourceTree = "<group>"; };
		B1C0F700A1B2C3D4E5F60384 /* JessiPrebootRedirect.h */ = {isa = PBXFileReference; lastKnownFileType = sourcecode.c.h; path = JessiPrebootRedirect.h; sourceTree = "<group>"; };
		B1C0F700A1B2C3D4E5F60401 /* JessiWorkerRequestHandler.m */ = {isa = PBXFileReference; lastKnownFileType = sourcecode.c.objc; path = JessiWorkerRequestHandler.m; sourceTree = "<group>"; };
		B1C0F700A1B2C3D4E5F60402 /* Info.plist */ = {isa = PBXFileReference; lastKnownFileType = text.plist.xml; path = Info.plist; sourceTree = "<group>"; };
		B1C0F700A1B2C3D4E5F60403 /* JessiWorker.entitlements */ = {isa = PBXFileReference; lastKnownFileType = text.plist.entitlements; path = JessiWorker.entitlements; sourceTree = "<group>"; };
		B1C0F700A1B2C3D4E5F60404 /* JESSIWorker.appex */ = {isa = PBXFileReference; explicitFileType = "wrapper.app-extension"; includeInIndex = 0; path = JESSIWorker.appex; sourceTree = BUILT_PRODUCTS_DIR; };
		B1C0F700A1B2C3D4E5F60405 /* JessiWorkerHost.h */ = {isa = PBXFileReference; lastKnownFileType = sourcecode.c.h; path = JessiWorkerHost.h; sourceTree = "<group>"; };
		B1C0F700A1B2C3D4E5F60406 /* JessiWorkerHost.m */ = {isa = PBXFileReference; lastKnownFileType = sourcecode.c.objc; path = JessiWorkerHost.m; sourceTree = "<group>"; };
		B1C0F700A1B2C3D4E5F60407 /* JessiWorkerEntry.m */ = {isa = PBXFileReference; lastKnownFileType = sourcecode.c.objc; path = JessiWorkerEntry.m; sourceTree = "<group>"; };
		B1C0F700A1B2C3D4E5F60501 /* JITSession.swift */ = {isa = PBXFileReference; lastKnownFileType = sourcecode.swift; path = JITSession.swift; sourceTree = "<group>"; };
		B1C0F700A1B2C3D4E5F60502 /* JessiJIT.framework */ = {isa = PBXFileReference; explicitFileType = wrapper.framework; includeInIndex = 0; path = JessiJIT.framework; sourceTree = BUILT_PRODUCTS_DIR; };
		B1C0F700A1B2C3D4E5F60601 /* JessiWorkerPayload.m */ = {isa = PBXFileReference; lastKnownFileType = sourcecode.c.objc; path = JessiWorkerPayload.m; sourceTree = "<group>"; };
		B1C0F700A1B2C3D4E5F60602 /* JessiWorkerCore.framework */ = {isa = PBXFileReference; explicitFileType = wrapper.framework; includeInIndex = 0; path = JessiWorkerCore.framework; sourceTree = BUILT_PRODUCTS_DIR; };
/* End PBXFileReference section */

/* Begin PBXFrameworksBuildPhase section */
		A6C5248C2F2873DF0030EE41 /* Frameworks */ = {
			isa = PBXFrameworksBuildPhase;
			buildActionMask = 2147483647;
			files = (
				B1C0F700A1B2C3D4E5F60110 /* ZIPFoundation in Frameworks */,
				B1C0F700A1B2C3D4E5F60111 /* SWCompression in Frameworks */,
				B1C0F700A1B2C3D4E5F60514 /* JessiJIT.framework in Frameworks */,
			);
			runOnlyForDeploymentPostprocessing = 0;
		};
		B1C0F700A1B2C3D4E5F602A2 /* Frameworks */ = {
			isa = PBXFrameworksBuildPhase;
			buildActionMask = 2147483647;
			files = (
				B1C0F700A1B2C3D4E5F60512 /* JessiJIT.framework in Frameworks */,
			);
			runOnlyForDeploymentPostprocessing = 0;
		};
		B1C0F700A1B2C3D4E5F60432 /* Frameworks */ = {
			isa = PBXFrameworksBuildPhase;
			buildActionMask = 2147483647;
			files = (
				B1C0F700A1B2C3D4E5F60612 /* JessiWorkerCore.framework in Frameworks */,
			);
			runOnlyForDeploymentPostprocessing = 0;
		};
		B1C0F700A1B2C3D4E5F60532 /* Frameworks */ = {
			isa = PBXFrameworksBuildPhase;
			buildActionMask = 2147483647;
			files = (
			);
			runOnlyForDeploymentPostprocessing = 0;
		};
		B1C0F700A1B2C3D4E5F60632 /* Frameworks */ = {
			isa = PBXFrameworksBuildPhase;
			buildActionMask = 2147483647;
			files = (
			);
			runOnlyForDeploymentPostprocessing = 0;
		};
/* End PBXFrameworksBuildPhase section */

/* Begin PBXGroup section */
		A6C524862F2873DF0030EE41 = {
			isa = PBXGroup;
			children = (
				A6C524912F2873DF0030EE41 /* JESSI */,
				A6C524902F2873DF0030EE41 /* Products */,
			);
			sourceTree = "<group>";
		};
		A6C524902F2873DF0030EE41 /* Products */ = {
			isa = PBXGroup;
			children = (
				A6C5248F2F2873DF0030EE41 /* JESSI.app */,
				B1C0F700A1B2C3D4E5F60290 /* JITHelper.appex */,
				B1C0F700A1B2C3D4E5F60404 /* JESSIWorker.appex */,
				B1C0F700A1B2C3D4E5F60502 /* JessiJIT.framework */,
				B1C0F700A1B2C3D4E5F60602 /* JessiWorkerCore.framework */,
			);
			name = Products;
			sourceTree = "<group>";
		};
		A6C524912F2873DF0030EE41 /* JESSI */ = {
			isa = PBXGroup;
			children = (
				B1C0F700A1B2C3D4E5F60060 /* App */,
				B1C0F700A1B2C3D4E5F60061 /* JessiCore */,
				B1C0F700A1B2C3D4E5F602C0 /* JITHelper */,
				B1C0F700A1B2C3D4E5F60503 /* JessiJIT */,
				B1C0F700A1B2C3D4E5F60460 /* Worker */,
				B1C0F700A1B2C3D4E5F60064 /* Resources */,
				B1C0F700A1B2C3D4E5F60062 /* SwiftUI */,
			);
			path = JESSI;
			sourceTree = "<group>";
		};
		B1C0F700A1B2C3D4E5F60060 /* App */ = {
			isa = PBXGroup;
			children = (
				B1C0F700A1B2C3D4E5F60001 /* Assets.xcassets */,
			);
			name = App;
			sourceTree = "<group>";
		};
		B1C0F700A1B2C3D4E5F60061 /* JessiCore */ = {
			isa = PBXGroup;
			children = (
				B1C0F700A1B2C3D4E5F60063 /* MachExc */,
				B1C0F700A1B2C3D4E5F60381 /* fishhook.c */,
				B1C0F700A1B2C3D4E5F60382 /* fishhook.h */,
				B1C0F700A1B2C3D4E5F60010 /* JessiAppDelegate.h */,
				B1C0F700A1B2C3D4E5F60011 /* JessiAppDelegate.m */,
				B1C0F700A1B2C3D4E5F60012 /* JessiJavaRunner.m */,
				B1C0F700A1B2C3D4E5F60013 /* JessiPaths.h */,
				B1C0F700A1B2C3D4E5F60014 /* JessiPaths.m */,
				B1C0F700A1B2C3D4E5F60384 /* JessiPrebootRedirect.h */,
				B1C0F700A1B2C3D4E5F60383 /* JessiPrebootRedirect.m */,
				B1C0F700A1B2C3D4E5F60015 /* JessiServerService.h */,
				B1C0F700A1B2C3D4E5F60016 /* JessiServerService.m */,
				B1C0F700A1B2C3D4E5F60017 /* JessiServerSoftware.h */,
				B1C0F700A1B2C3D4E5F60018 /* JessiServerSoftware.m */,
				B1C0F700A1B2C3D4E5F60405 /* JessiWorkerHost.h */,
				B1C0F700A1B2C3D4E5F60406 /* JessiWorkerHost.m */,
				B1C0F700A1B2C3D4E5F60019 /* JessiSettings.h */,
				B1C0F700A1B2C3D4E5F6001A /* JessiSettings.m */,
				B1C0F700A1B2C3D4E5F6001B /* main.m */,
			);
			path = JessiCore;
			sourceTree = "<group>";
		};
		B1C0F700A1B2C3D4E5F60062 /* SwiftUI */ = {
			isa = PBXGroup;
			children = (
				B1C0F700A1B2C3D4E5F60004 /* Bridging.h */,
				B1C0F700A1B2C3D4E5F60025 /* DeviceNames.swift */,
				B1C0F700A1B2C3D4E5F60703 /* EaglercraftSupport.swift */,
				B1C0F700A1B2C3D4E5F60005 /* CreateServerView.swift */,
				B1C0F700A1B2C3D4E5F60006 /* DoneToolbarTextField.swift */,
				B1C0F700A1B2C3D4E5F60007 /* FileBrowserView.swift */,
				B1C0F700A1B2C3D4E5F60008 /* JessiJITCheck.h */,
				B1C0F700A1B2C3D4E5F60009 /* JessiJITCheck.m */,
				B1C0F700A1B2C3D4E5F6000A /* LaunchView.swift */,
				B1C0F700A1B2C3D4E5F60281 /* JITEnabler.swift */,
				B1C0F700A1B2C3D4E5F60282 /* JITEnablerView.swift */,
				B1C0F700A1B2C3D4E5F60021 /* Logger.swift */,
				B1C0F700A1B2C3D4E5F60020 /* ModsView.swift */,
				B1C0F700A1B2C3D4E5F60090 /* ResourcePacks.swift */,
				B1C0F700A1B2C3D4E5F60022 /* RemoteImage.swift */,
				B1C0F700A1B2C3D4E5F60023 /* TunnelingView.swift */,
				B1C0F700A1B2C3D4E5F6000B /* RootTabView.swift */,
				B1C0F700A1B2C3D4E5F6000C /* SettingsView.swift */,
				B1C0F700A1B2C3D4E5F60050 /* ServerProperties.swift */,
				B1C0F700A1B2C3D4E5F6000D /* SwiftUIEntry.swift */,
			);
			path = SwiftUI;
			sourceTree = "<group>";
		};
		B1C0F700A1B2C3D4E5F60063 /* MachExc */ = {
			isa = PBXGroup;
			children = (
				B1C0F700A1B2C3D4E5F6001C /* mach_excServer.c */,
				B1C0F700A1B2C3D4E5F6001D /* mach_excServer.h */,
				B1C0F700A1B2C3D4E5F6001E /* mach_excUser.c */,
				B1C0F700A1B2C3D4E5F6001F /* mach_excUser.h */,
			);
			path = MachExc;
			sourceTree = "<group>";
		};
		B1C0F700A1B2C3D4E5F60064 /* Resources */ = {
			isa = PBXGroup;
			children = (
				B1C0F700A1B2C3D4E5F60024 /* UniversalJIT26Extension.js */,
				B1C0F700A1B2C3D4E5F60701 /* EaglercraftIndex.html */,
				B1C0F700A1B2C3D4E5F60702 /* EaglercraftInject.html */,
			);
			path = Resources;
			sourceTree = "<group>";
		};
		B1C0F700A1B2C3D4E5F602C0 /* JITHelper */ = {
			isa = PBXGroup;
			children = (
				B1C0F700A1B2C3D4E5F60283 /* JITHelperRequestHandler.swift */,
				B1C0F700A1B2C3D4E5F60288 /* Info.plist */,
			);
			path = JITHelper;
			sourceTree = "<group>";
		};
		B1C0F700A1B2C3D4E5F602C1 /* Resources */ = {
			isa = PBXGroup;
			children = (
				B1C0F700A1B2C3D4E5F60287 /* universal.js */,
			);
			path = Resources;
			sourceTree = "<group>";
		};
		B1C0F700A1B2C3D4E5F60460 /* Worker */ = {
			isa = PBXGroup;
			children = (
				B1C0F700A1B2C3D4E5F60407 /* JessiWorkerEntry.m */,
				B1C0F700A1B2C3D4E5F60401 /* JessiWorkerRequestHandler.m */,
				B1C0F700A1B2C3D4E5F60601 /* JessiWorkerPayload.m */,
				B1C0F700A1B2C3D4E5F60402 /* Info.plist */,
				B1C0F700A1B2C3D4E5F60403 /* JessiWorker.entitlements */,
			);
			path = Worker;
			sourceTree = "<group>";
		};
		B1C0F700A1B2C3D4E5F60503 /* JessiJIT */ = {
			isa = PBXGroup;
			children = (
				B1C0F700A1B2C3D4E5F60286 /* DeveloperDiskImage.swift */,
				B1C0F700A1B2C3D4E5F60284 /* IdeviceSupport.swift */,
				B1C0F700A1B2C3D4E5F60285 /* JITScriptRunner.swift */,
				B1C0F700A1B2C3D4E5F60501 /* JITSession.swift */,
				B1C0F700A1B2C3D4E5F602C1 /* Resources */,
			);
			path = JessiJIT;
			sourceTree = "<group>";
		};
/* End PBXGroup section */

/* Begin PBXNativeTarget section */
		A6C5248E2F2873DF0030EE41 /* JESSI */ = {
			isa = PBXNativeTarget;
			buildConfigurationList = A6C5249A2F2873E10030EE41 /* Build configuration list for PBXNativeTarget "JESSI" */;
			buildPhases = (
				A6C5248B2F2873DF0030EE41 /* Sources */,
				A6C5248C2F2873DF0030EE41 /* Frameworks */,
				A6C5248D2F2873DF0030EE41 /* Resources */,
				B1C0F700A1B2C3D4E5F602A1 /* Embed Foundation Extensions */,
				B1C0F700A1B2C3D4E5F60560 /* Embed Frameworks */,
			);
			buildRules = (
			);
			dependencies = (
				B1C0F700A1B2C3D4E5F602A3 /* PBXTargetDependency */,
				B1C0F700A1B2C3D4E5F60451 /* PBXTargetDependency */,
				B1C0F700A1B2C3D4E5F60553 /* PBXTargetDependency */,
				B1C0F700A1B2C3D4E5F60653 /* PBXTargetDependency */,
			);
			name = JESSI;
			packageProductDependencies = (
				B1C0F700A1B2C3D4E5F60100 /* ZIPFoundation */,
				B1C0F700A1B2C3D4E5F60101 /* SWCompression */,
			);
			productName = JESSI;
			productReference = A6C5248F2F2873DF0030EE41 /* JESSI.app */;
			productType = "com.apple.product-type.application";
		};
		B1C0F700A1B2C3D4E5F602B0 /* JITHelper */ = {
			isa = PBXNativeTarget;
			buildConfigurationList = B1C0F700A1B2C3D4E5F602D0 /* Build configuration list for PBXNativeTarget "JITHelper" */;
			buildPhases = (
				B1C0F700A1B2C3D4E5F602A4 /* Sources */,
				B1C0F700A1B2C3D4E5F602A2 /* Frameworks */,
				B1C0F700A1B2C3D4E5F602A5 /* Resources */,
			);
			buildRules = (
			);
			dependencies = (
				B1C0F700A1B2C3D4E5F60551 /* PBXTargetDependency */,
			);
			name = JITHelper;
			productName = JITHelper;
			productReference = B1C0F700A1B2C3D4E5F60290 /* JITHelper.appex */;
			productType = "com.apple.product-type.app-extension";
		};
		B1C0F700A1B2C3D4E5F60430 /* JESSIWorker */ = {
			isa = PBXNativeTarget;
			buildConfigurationList = B1C0F700A1B2C3D4E5F60440 /* Build configuration list for PBXNativeTarget "JESSIWorker" */;
			buildPhases = (
				B1C0F700A1B2C3D4E5F60431 /* Sources */,
				B1C0F700A1B2C3D4E5F60432 /* Frameworks */,
				B1C0F700A1B2C3D4E5F60433 /* Resources */,
			);
			buildRules = (
			);
			dependencies = (
				B1C0F700A1B2C3D4E5F60651 /* PBXTargetDependency */,
			);
			name = JESSIWorker;
			productName = JESSIWorker;
			productReference = B1C0F700A1B2C3D4E5F60404 /* JESSIWorker.appex */;
			productType = "com.apple.product-type.app-extension";
		};
		B1C0F700A1B2C3D4E5F60530 /* JessiJIT */ = {
			isa = PBXNativeTarget;
			buildConfigurationList = B1C0F700A1B2C3D4E5F60540 /* Build configuration list for PBXNativeTarget "JessiJIT" */;
			buildPhases = (
				B1C0F700A1B2C3D4E5F60531 /* Sources */,
				B1C0F700A1B2C3D4E5F60532 /* Frameworks */,
				B1C0F700A1B2C3D4E5F60533 /* Resources */,
			);
			buildRules = (
			);
			dependencies = (
			);
			name = JessiJIT;
			productName = JessiJIT;
			productReference = B1C0F700A1B2C3D4E5F60502 /* JessiJIT.framework */;
			productType = "com.apple.product-type.framework";
		};
		B1C0F700A1B2C3D4E5F60630 /* JessiWorkerCore */ = {
			isa = PBXNativeTarget;
			buildConfigurationList = B1C0F700A1B2C3D4E5F60640 /* Build configuration list for PBXNativeTarget "JessiWorkerCore" */;
			buildPhases = (
				B1C0F700A1B2C3D4E5F60631 /* Sources */,
				B1C0F700A1B2C3D4E5F60632 /* Frameworks */,
			);
			buildRules = (
			);
			dependencies = (
			);
			name = JessiWorkerCore;
			productName = JessiWorkerCore;
			productReference = B1C0F700A1B2C3D4E5F60602 /* JessiWorkerCore.framework */;
			productType = "com.apple.product-type.framework";
		};
/* End PBXNativeTarget section */

/* Begin PBXProject section */
		A6C524872F2873DF0030EE41 /* Project object */ = {
			isa = PBXProject;
			attributes = {
				BuildIndependentTargetsInParallel = 1;
				LastSwiftUpdateCheck = 2620;
				LastUpgradeCheck = 2620;
				TargetAttributes = {
					A6C5248E2F2873DF0030EE41 = {
						CreatedOnToolsVersion = 26.2;
					};
					B1C0F700A1B2C3D4E5F602B0 = {
						CreatedOnToolsVersion = 26.5;
					};
					B1C0F700A1B2C3D4E5F60430 = {
						CreatedOnToolsVersion = 26.5;
					};
					B1C0F700A1B2C3D4E5F60530 = {
						CreatedOnToolsVersion = 26.5;
					};
					B1C0F700A1B2C3D4E5F60630 = {
						CreatedOnToolsVersion = 26.5;
					};
				};
			};
			buildConfigurationList = A6C5248A2F2873DF0030EE41 /* Build configuration list for PBXProject "JESSI" */;
			developmentRegion = en;
			hasScannedForEncodings = 0;
			knownRegions = (
				en,
				Base,
			);
			mainGroup = A6C524862F2873DF0030EE41;
			minimizedProjectReferenceProxies = 1;
			packageReferences = (
				B1C0F700A1B2C3D4E5F60120 /* XCLocalSwiftPackageReference "Vendor/ZIPFoundation" */,
				B1C0F700A1B2C3D4E5F60121 /* XCLocalSwiftPackageReference "Vendor/SWCompression" */,
			);
			preferredProjectObjectVersion = 77;
			productRefGroup = A6C524902F2873DF0030EE41 /* Products */;
			projectDirPath = "";
			projectRoot = "";
			targets = (
				A6C5248E2F2873DF0030EE41 /* JESSI */,
				B1C0F700A1B2C3D4E5F602B0 /* JITHelper */,
				B1C0F700A1B2C3D4E5F60430 /* JESSIWorker */,
				B1C0F700A1B2C3D4E5F60530 /* JessiJIT */,
				B1C0F700A1B2C3D4E5F60630 /* JessiWorkerCore */,
			);
		};
/* End PBXProject section */

/* Begin PBXResourcesBuildPhase section */
		A6C5248D2F2873DF0030EE41 /* Resources */ = {
			isa = PBXResourcesBuildPhase;
			buildActionMask = 2147483647;
			files = (
				B1C0F700A1B2C3D4E5F60041 /* Assets.xcassets in Resources */,
				B1C0F700A1B2C3D4E5F60048 /* UniversalJIT26Extension.js in Resources */,
				B1C0F700A1B2C3D4E5F60711 /* EaglercraftIndex.html in Resources */,
				B1C0F700A1B2C3D4E5F60712 /* EaglercraftInject.html in Resources */,
			);
			runOnlyForDeploymentPostprocessing = 0;
		};
		B1C0F700A1B2C3D4E5F602A5 /* Resources */ = {
			isa = PBXResourcesBuildPhase;
			buildActionMask = 2147483647;
			files = (
			);
			runOnlyForDeploymentPostprocessing = 0;
		};
		B1C0F700A1B2C3D4E5F60433 /* Resources */ = {
			isa = PBXResourcesBuildPhase;
			buildActionMask = 2147483647;
			files = (
			);
			runOnlyForDeploymentPostprocessing = 0;
		};
		B1C0F700A1B2C3D4E5F60533 /* Resources */ = {
			isa = PBXResourcesBuildPhase;
			buildActionMask = 2147483647;
			files = (
				B1C0F700A1B2C3D4E5F60207 /* universal.js in Resources */,
			);
			runOnlyForDeploymentPostprocessing = 0;
		};
/* End PBXResourcesBuildPhase section */

/* Begin PBXSourcesBuildPhase section */
		A6C5248B2F2873DF0030EE41 /* Sources */ = {
			isa = PBXSourcesBuildPhase;
			buildActionMask = 2147483647;
			files = (
				B1C0F700A1B2C3D4E5F60042 /* mach_excServer.c in Sources */,
				B1C0F700A1B2C3D4E5F60043 /* mach_excUser.c in Sources */,
				B1C0F700A1B2C3D4E5F60040 /* main.m in Sources */,
				B1C0F700A1B2C3D4E5F6003A /* JessiAppDelegate.m in Sources */,
				B1C0F700A1B2C3D4E5F6003B /* JessiJavaRunner.m in Sources */,
				B1C0F700A1B2C3D4E5F60301 /* fishhook.c in Sources */,
				B1C0F700A1B2C3D4E5F60302 /* JessiPrebootRedirect.m in Sources */,
				B1C0F700A1B2C3D4E5F6003C /* JessiPaths.m in Sources */,
				B1C0F700A1B2C3D4E5F6003D /* JessiServerService.m in Sources */,
				B1C0F700A1B2C3D4E5F6003E /* JessiServerSoftware.m in Sources */,
				B1C0F700A1B2C3D4E5F60420 /* JessiWorkerHost.m in Sources */,
				B1C0F700A1B2C3D4E5F6003F /* JessiSettings.m in Sources */,
				B1C0F700A1B2C3D4E5F60035 /* JessiJITCheck.m in Sources */,
				B1C0F700A1B2C3D4E5F60049 /* DeviceNames.swift in Sources */,
				B1C0F700A1B2C3D4E5F60032 /* CreateServerView.swift in Sources */,
				B1C0F700A1B2C3D4E5F60713 /* EaglercraftSupport.swift in Sources */,
				B1C0F700A1B2C3D4E5F60033 /* DoneToolbarTextField.swift in Sources */,
				B1C0F700A1B2C3D4E5F60034 /* FileBrowserView.swift in Sources */,
				B1C0F700A1B2C3D4E5F60036 /* LaunchView.swift in Sources */,
				B1C0F700A1B2C3D4E5F60201 /* JITEnabler.swift in Sources */,
				B1C0F700A1B2C3D4E5F60202 /* JITEnablerView.swift in Sources */,
				B1C0F700A1B2C3D4E5F60045 /* Logger.swift in Sources */,
				B1C0F700A1B2C3D4E5F60044 /* ModsView.swift in Sources */,
				B1C0F700A1B2C3D4E5F60091 /* ResourcePacks.swift in Sources */,
				B1C0F700A1B2C3D4E5F60046 /* RemoteImage.swift in Sources */,
				B1C0F700A1B2C3D4E5F60047 /* TunnelingView.swift in Sources */,
				B1C0F700A1B2C3D4E5F60037 /* RootTabView.swift in Sources */,
				B1C0F700A1B2C3D4E5F60038 /* SettingsView.swift in Sources */,
				B1C0F700A1B2C3D4E5F60051 /* ServerProperties.swift in Sources */,
				B1C0F700A1B2C3D4E5F60039 /* SwiftUIEntry.swift in Sources */,
			);
			runOnlyForDeploymentPostprocessing = 0;
		};
		B1C0F700A1B2C3D4E5F602A4 /* Sources */ = {
			isa = PBXSourcesBuildPhase;
			buildActionMask = 2147483647;
			files = (
				B1C0F700A1B2C3D4E5F60203 /* JITHelperRequestHandler.swift in Sources */,
			);
			runOnlyForDeploymentPostprocessing = 0;
		};
		B1C0F700A1B2C3D4E5F60431 /* Sources */ = {
			isa = PBXSourcesBuildPhase;
			buildActionMask = 2147483647;
			files = (
				B1C0F700A1B2C3D4E5F60422 /* JessiWorkerEntry.m in Sources */,
			);
			runOnlyForDeploymentPostprocessing = 0;
		};
		B1C0F700A1B2C3D4E5F60631 /* Sources */ = {
			isa = PBXSourcesBuildPhase;
			buildActionMask = 2147483647;
			files = (
				B1C0F700A1B2C3D4E5F60411 /* JessiWorkerRequestHandler.m in Sources */,
				B1C0F700A1B2C3D4E5F60412 /* JessiJavaRunner.m in Sources */,
				B1C0F700A1B2C3D4E5F60413 /* JessiPaths.m in Sources */,
				B1C0F700A1B2C3D4E5F60414 /* JessiSettings.m in Sources */,
				B1C0F700A1B2C3D4E5F60415 /* JessiPrebootRedirect.m in Sources */,
				B1C0F700A1B2C3D4E5F60416 /* fishhook.c in Sources */,
				B1C0F700A1B2C3D4E5F60417 /* mach_excServer.c in Sources */,
				B1C0F700A1B2C3D4E5F60418 /* mach_excUser.c in Sources */,
				B1C0F700A1B2C3D4E5F60419 /* JessiJITCheck.m in Sources */,
				B1C0F700A1B2C3D4E5F60611 /* JessiWorkerPayload.m in Sources */,
			);
			runOnlyForDeploymentPostprocessing = 0;
		};
		B1C0F700A1B2C3D4E5F60531 /* Sources */ = {
			isa = PBXSourcesBuildPhase;
			buildActionMask = 2147483647;
			files = (
				B1C0F700A1B2C3D4E5F60206 /* DeveloperDiskImage.swift in Sources */,
				B1C0F700A1B2C3D4E5F60204 /* IdeviceSupport.swift in Sources */,
				B1C0F700A1B2C3D4E5F60205 /* JITScriptRunner.swift in Sources */,
				B1C0F700A1B2C3D4E5F60511 /* JITSession.swift in Sources */,
			);
			runOnlyForDeploymentPostprocessing = 0;
		};
/* End PBXSourcesBuildPhase section */

/* Begin PBXTargetDependency section */
		B1C0F700A1B2C3D4E5F602A3 /* PBXTargetDependency */ = {
			isa = PBXTargetDependency;
			platformFilter = ios;
			target = B1C0F700A1B2C3D4E5F602B0 /* JITHelper */;
			targetProxy = B1C0F700A1B2C3D4E5F602A0 /* PBXContainerItemProxy */;
		};
		B1C0F700A1B2C3D4E5F60451 /* PBXTargetDependency */ = {
			isa = PBXTargetDependency;
			platformFilter = ios;
			target = B1C0F700A1B2C3D4E5F60430 /* JESSIWorker */;
			targetProxy = B1C0F700A1B2C3D4E5F60450 /* PBXContainerItemProxy */;
		};
		B1C0F700A1B2C3D4E5F60551 /* PBXTargetDependency */ = {
			isa = PBXTargetDependency;
			target = B1C0F700A1B2C3D4E5F60530 /* JessiJIT */;
			targetProxy = B1C0F700A1B2C3D4E5F60550 /* PBXContainerItemProxy */;
		};
		B1C0F700A1B2C3D4E5F60553 /* PBXTargetDependency */ = {
			isa = PBXTargetDependency;
			platformFilter = ios;
			target = B1C0F700A1B2C3D4E5F60530 /* JessiJIT */;
			targetProxy = B1C0F700A1B2C3D4E5F60552 /* PBXContainerItemProxy */;
		};
		B1C0F700A1B2C3D4E5F60651 /* PBXTargetDependency */ = {
			isa = PBXTargetDependency;
			target = B1C0F700A1B2C3D4E5F60630 /* JessiWorkerCore */;
			targetProxy = B1C0F700A1B2C3D4E5F60650 /* PBXContainerItemProxy */;
		};
		B1C0F700A1B2C3D4E5F60653 /* PBXTargetDependency */ = {
			isa = PBXTargetDependency;
			platformFilter = ios;
			target = B1C0F700A1B2C3D4E5F60630 /* JessiWorkerCore */;
			targetProxy = B1C0F700A1B2C3D4E5F60652 /* PBXContainerItemProxy */;
		};
/* End PBXTargetDependency section */

/* Begin XCBuildConfiguration section */
		A6C524982F2873E10030EE41 /* Debug */ = {
			isa = XCBuildConfiguration;
			buildSettings = {
				ALWAYS_SEARCH_USER_PATHS = NO;
				APP_GROUP_ID = "";
				ASSETCATALOG_COMPILER_GENERATE_SWIFT_ASSET_SYMBOL_EXTENSIONS = YES;
				CLANG_ANALYZER_NONNULL = YES;
				CLANG_ANALYZER_NUMBER_OBJECT_CONVERSION = YES_AGGRESSIVE;
				CLANG_CXX_LANGUAGE_STANDARD = "gnu++20";
				CLANG_ENABLE_MODULES = YES;
				CLANG_ENABLE_OBJC_ARC = YES;
				CLANG_ENABLE_OBJC_WEAK = YES;
				CLANG_WARN_BLOCK_CAPTURE_AUTORELEASING = YES;
				CLANG_WARN_BOOL_CONVERSION = YES;
				CLANG_WARN_COMMA = YES;
				CLANG_WARN_CONSTANT_CONVERSION = YES;
				CLANG_WARN_DEPRECATED_OBJC_IMPLEMENTATIONS = YES;
				CLANG_WARN_DIRECT_OBJC_ISA_USAGE = YES_ERROR;
				CLANG_WARN_DOCUMENTATION_COMMENTS = YES;
				CLANG_WARN_EMPTY_BODY = YES;
				CLANG_WARN_ENUM_CONVERSION = YES;
				CLANG_WARN_INFINITE_RECURSION = YES;
				CLANG_WARN_INT_CONVERSION = YES;
				CLANG_WARN_NON_LITERAL_NULL_CONVERSION = YES;
				CLANG_WARN_OBJC_IMPLICIT_RETAIN_SELF = YES;
				CLANG_WARN_OBJC_LITERAL_CONVERSION = YES;
				CLANG_WARN_OBJC_ROOT_CLASS = YES_ERROR;
				CLANG_WARN_QUOTED_INCLUDE_IN_FRAMEWORK_HEADER = YES;
				CLANG_WARN_RANGE_LOOP_ANALYSIS = YES;
				CLANG_WARN_STRICT_PROTOTYPES = YES;
				CLANG_WARN_SUSPICIOUS_MOVE = YES;
				CLANG_WARN_UNGUARDED_AVAILABILITY = YES_AGGRESSIVE;
				CLANG_WARN_UNREACHABLE_CODE = YES;
				CLANG_WARN__DUPLICATE_METHOD_MATCH = YES;
				COPY_PHASE_STRIP = NO;
				DEBUG_INFORMATION_FORMAT = dwarf;
				ENABLE_STRICT_OBJC_MSGSEND = YES;
				ENABLE_TESTABILITY = YES;
				ENABLE_USER_SCRIPT_SANDBOXING = YES;
				GCC_C_LANGUAGE_STANDARD = gnu17;
				GCC_DYNAMIC_NO_PIC = NO;
				GCC_NO_COMMON_BLOCKS = YES;
				GCC_OPTIMIZATION_LEVEL = 0;
				GCC_PREPROCESSOR_DEFINITIONS = (
					"DEBUG=1",
					"$(inherited)",
				);
				GCC_WARN_64_TO_32_BIT_CONVERSION = YES;
				GCC_WARN_ABOUT_RETURN_TYPE = YES_ERROR;
				GCC_WARN_UNDECLARED_SELECTOR = YES;
				GCC_WARN_UNINITIALIZED_AUTOS = YES_AGGRESSIVE;
				GCC_WARN_UNUSED_FUNCTION = YES;
				GCC_WARN_UNUSED_VARIABLE = YES;
				IPHONEOS_DEPLOYMENT_TARGET = 14.0;
				LOCALIZATION_PREFERS_STRING_CATALOGS = YES;
				MTL_ENABLE_DEBUG_INFO = INCLUDE_SOURCE;
				MTL_FAST_MATH = YES;
				ONLY_ACTIVE_ARCH = YES;
				SDKROOT = iphoneos;
				SWIFT_ACTIVE_COMPILATION_CONDITIONS = "DEBUG $(inherited)";
				SWIFT_OPTIMIZATION_LEVEL = "-Onone";
			};
			name = Debug;
		};
		A6C524992F2873E10030EE41 /* Release */ = {
			isa = XCBuildConfiguration;
			buildSettings = {
				ALWAYS_SEARCH_USER_PATHS = NO;
				APP_GROUP_ID = "";
				ASSETCATALOG_COMPILER_GENERATE_SWIFT_ASSET_SYMBOL_EXTENSIONS = YES;
				CLANG_ANALYZER_NONNULL = YES;
				CLANG_ANALYZER_NUMBER_OBJECT_CONVERSION = YES_AGGRESSIVE;
				CLANG_CXX_LANGUAGE_STANDARD = "gnu++20";
				CLANG_ENABLE_MODULES = YES;
				CLANG_ENABLE_OBJC_ARC = YES;
				CLANG_ENABLE_OBJC_WEAK = YES;
				CLANG_WARN_BLOCK_CAPTURE_AUTORELEASING = YES;
				CLANG_WARN_BOOL_CONVERSION = YES;
				CLANG_WARN_COMMA = YES;
				CLANG_WARN_CONSTANT_CONVERSION = YES;
				CLANG_WARN_DEPRECATED_OBJC_IMPLEMENTATIONS = YES;
				CLANG_WARN_DIRECT_OBJC_ISA_USAGE = YES_ERROR;
				CLANG_WARN_DOCUMENTATION_COMMENTS = YES;
				CLANG_WARN_EMPTY_BODY = YES;
				CLANG_WARN_ENUM_CONVERSION = YES;
				CLANG_WARN_INFINITE_RECURSION = YES;
				CLANG_WARN_INT_CONVERSION = YES;
				CLANG_WARN_NON_LITERAL_NULL_CONVERSION = YES;
				CLANG_WARN_OBJC_IMPLICIT_RETAIN_SELF = YES;
				CLANG_WARN_OBJC_LITERAL_CONVERSION = YES;
				CLANG_WARN_OBJC_ROOT_CLASS = YES_ERROR;
				CLANG_WARN_QUOTED_INCLUDE_IN_FRAMEWORK_HEADER = YES;
				CLANG_WARN_RANGE_LOOP_ANALYSIS = YES;
				CLANG_WARN_STRICT_PROTOTYPES = YES;
				CLANG_WARN_SUSPICIOUS_MOVE = YES;
				CLANG_WARN_UNGUARDED_AVAILABILITY = YES_AGGRESSIVE;
				CLANG_WARN_UNREACHABLE_CODE = YES;
				CLANG_WARN__DUPLICATE_METHOD_MATCH = YES;
				COPY_PHASE_STRIP = NO;
				DEBUG_INFORMATION_FORMAT = "dwarf-with-dsym";
				ENABLE_NS_ASSERTIONS = NO;
				ENABLE_STRICT_OBJC_MSGSEND = YES;
				ENABLE_USER_SCRIPT_SANDBOXING = YES;
				GCC_C_LANGUAGE_STANDARD = gnu17;
				GCC_NO_COMMON_BLOCKS = YES;
				GCC_WARN_64_TO_32_BIT_CONVERSION = YES;
				GCC_WARN_ABOUT_RETURN_TYPE = YES_ERROR;
				GCC_WARN_UNDECLARED_SELECTOR = YES;
				GCC_WARN_UNINITIALIZED_AUTOS = YES_AGGRESSIVE;
				GCC_WARN_UNUSED_FUNCTION = YES;
				GCC_WARN_UNUSED_VARIABLE = YES;
				IPHONEOS_DEPLOYMENT_TARGET = 14.0;
				LOCALIZATION_PREFERS_STRING_CATALOGS = YES;
				MTL_ENABLE_DEBUG_INFO = NO;
				MTL_FAST_MATH = YES;
				SDKROOT = iphoneos;
				SWIFT_COMPILATION_MODE = wholemodule;
				VALIDATE_PRODUCT = YES;
			};
			name = Release;
		};
		A6C5249B2F2873E10030EE41 /* Debug */ = {
			isa = XCBuildConfiguration;
			buildSettings = {
				APP_GROUP_ID = "";
				ASSETCATALOG_COMPILER_APPICON_NAME = AppIcon;
				ASSETCATALOG_COMPILER_GLOBAL_ACCENT_COLOR_NAME = AccentColor;
				CODE_SIGN_ENTITLEMENTS = Config/JESSI.entitlements;
				CODE_SIGN_STYLE = Automatic;
				CURRENT_PROJECT_VERSION = 1;
				DEVELOPMENT_TEAM = 6XKA3GY3KZ;
				ENABLE_DEBUG_DYLIB = NO;
				ENABLE_PREVIEWS = NO;
				ENABLE_USER_SCRIPT_SANDBOXING = NO;
				GCC_SYMBOLS_PRIVATE_EXTERN = NO;
				GENERATE_INFOPLIST_FILE = NO;
				INFOPLIST_FILE = Config/Info.plist;
				INFOPLIST_KEY_CFBundleDisplayName = JESSI;
				INFOPLIST_KEY_UIApplicationSceneManifest_Generation = NO;
				IPHONEOS_DEPLOYMENT_TARGET = 14.0;
				LD_RUNPATH_SEARCH_PATHS = (
					"$(inherited)",
					"@executable_path/Frameworks",
				);
				MARKETING_VERSION = 1.1.2;
				OTHER_LDFLAGS = (
					"$(inherited)",
					"-Wl,-e,_main",
					"-Wl,-export_dynamic",
					"-Wl,-exported_symbol,_main",
				);
				PRODUCT_BUNDLE_IDENTIFIER = com.baconmania.jessi;
				PRODUCT_NAME = "$(TARGET_NAME)";
				STRING_CATALOG_GENERATE_SYMBOLS = YES;
				SUPPORTED_PLATFORMS = "iphoneos iphonesimulator macosx";
				SUPPORTS_MACCATALYST = YES;
				SUPPORTS_MAC_DESIGNED_FOR_IPHONE_IPAD = NO;
				SWIFT_APPROACHABLE_CONCURRENCY = YES;
				SWIFT_DEFAULT_ACTOR_ISOLATION = MainActor;
				SWIFT_EMIT_LOC_STRINGS = YES;
				SWIFT_OBJC_BRIDGING_HEADER = "$(SRCROOT)/JESSI/SwiftUI/Bridging.h";
				SWIFT_UPCOMING_FEATURE_MEMBER_IMPORT_VISIBILITY = YES;
				SWIFT_VERSION = 5.0;
				TARGETED_DEVICE_FAMILY = "1,2";
			};
			name = Debug;
		};
		A6C5249C2F2873E10030EE41 /* Release */ = {
			isa = XCBuildConfiguration;
			buildSettings = {
				APP_GROUP_ID = "";
				ASSETCATALOG_COMPILER_APPICON_NAME = AppIcon;
				ASSETCATALOG_COMPILER_GLOBAL_ACCENT_COLOR_NAME = AccentColor;
				CODE_SIGN_ENTITLEMENTS = Config/JESSI.entitlements;
				CODE_SIGN_STYLE = Automatic;
				CURRENT_PROJECT_VERSION = 1;
				DEVELOPMENT_TEAM = 6XKA3GY3KZ;
				ENABLE_DEBUG_DYLIB = NO;
				ENABLE_PREVIEWS = NO;
				ENABLE_USER_SCRIPT_SANDBOXING = NO;
				GCC_SYMBOLS_PRIVATE_EXTERN = NO;
				GENERATE_INFOPLIST_FILE = NO;
				INFOPLIST_FILE = Config/Info.plist;
				INFOPLIST_KEY_CFBundleDisplayName = JESSI;
				INFOPLIST_KEY_UIApplicationSceneManifest_Generation = NO;
				IPHONEOS_DEPLOYMENT_TARGET = 14.0;
				LD_RUNPATH_SEARCH_PATHS = (
					"$(inherited)",
					"@executable_path/Frameworks",
				);
				MARKETING_VERSION = 1.1.2;
				OTHER_LDFLAGS = (
					"$(inherited)",
					"-Wl,-e,_main",
					"-Wl,-export_dynamic",
					"-Wl,-exported_symbol,_main",
				);
				PRODUCT_BUNDLE_IDENTIFIER = com.baconmania.jessi;
				PRODUCT_NAME = "$(TARGET_NAME)";
				STRING_CATALOG_GENERATE_SYMBOLS = YES;
				SUPPORTED_PLATFORMS = "iphoneos iphonesimulator macosx";
				SUPPORTS_MACCATALYST = YES;
				SUPPORTS_MAC_DESIGNED_FOR_IPHONE_IPAD = NO;
				SWIFT_APPROACHABLE_CONCURRENCY = YES;
				SWIFT_DEFAULT_ACTOR_ISOLATION = MainActor;
				SWIFT_EMIT_LOC_STRINGS = YES;
				SWIFT_OBJC_BRIDGING_HEADER = "$(SRCROOT)/JESSI/SwiftUI/Bridging.h";
				SWIFT_UPCOMING_FEATURE_MEMBER_IMPORT_VISIBILITY = YES;
				SWIFT_VERSION = 5.0;
				TARGETED_DEVICE_FAMILY = "1,2";
			};
			name = Release;
		};
		B1C0F700A1B2C3D4E5F602D1 /* Debug */ = {
			isa = XCBuildConfiguration;
			buildSettings = {
				APPLICATION_EXTENSION_API_ONLY = YES;
				CODE_SIGN_STYLE = Automatic;
				CURRENT_PROJECT_VERSION = 1;
				DEVELOPMENT_TEAM = 6XKA3GY3KZ;
				GENERATE_INFOPLIST_FILE = NO;
				INFOPLIST_FILE = JESSI/JITHelper/Info.plist;
				IPHONEOS_DEPLOYMENT_TARGET = 14.0;
				LD_RUNPATH_SEARCH_PATHS = (
					"$(inherited)",
					"@executable_path/Frameworks",
					"@executable_path/../../Frameworks",
				);
				MARKETING_VERSION = 1.1;
				PRODUCT_BUNDLE_IDENTIFIER = com.baconmania.jessi.JITHelper;
				PRODUCT_NAME = "$(TARGET_NAME)";
				SKIP_INSTALL = YES;
				SUPPORTED_PLATFORMS = iphoneos;
				SUPPORTS_MACCATALYST = NO;
				SWIFT_VERSION = 5.0;
				TARGETED_DEVICE_FAMILY = "1,2";
			};
			name = Debug;
		};
		B1C0F700A1B2C3D4E5F602D2 /* Release */ = {
			isa = XCBuildConfiguration;
			buildSettings = {
				APPLICATION_EXTENSION_API_ONLY = YES;
				CODE_SIGN_STYLE = Automatic;
				CURRENT_PROJECT_VERSION = 1;
				DEVELOPMENT_TEAM = 6XKA3GY3KZ;
				GENERATE_INFOPLIST_FILE = NO;
				INFOPLIST_FILE = JESSI/JITHelper/Info.plist;
				IPHONEOS_DEPLOYMENT_TARGET = 14.0;
				LD_RUNPATH_SEARCH_PATHS = (
					"$(inherited)",
					"@executable_path/Frameworks",
					"@executable_path/../../Frameworks",
				);
				MARKETING_VERSION = 1.1;
				PRODUCT_BUNDLE_IDENTIFIER = com.baconmania.jessi.JITHelper;
				PRODUCT_NAME = "$(TARGET_NAME)";
				SKIP_INSTALL = YES;
				SUPPORTED_PLATFORMS = iphoneos;
				SUPPORTS_MACCATALYST = NO;
				SWIFT_VERSION = 5.0;
				TARGETED_DEVICE_FAMILY = "1,2";
			};
			name = Release;
		};
		B1C0F700A1B2C3D4E5F60441 /* Debug */ = {
			isa = XCBuildConfiguration;
			buildSettings = {
				CODE_SIGN_ENTITLEMENTS = JESSI/Worker/JessiWorker.entitlements;
				CODE_SIGN_STYLE = Automatic;
				CURRENT_PROJECT_VERSION = 1;
				DEVELOPMENT_TEAM = 6XKA3GY3KZ;
				GCC_SYMBOLS_PRIVATE_EXTERN = NO;
				GENERATE_INFOPLIST_FILE = NO;
				INFOPLIST_FILE = JESSI/Worker/Info.plist;
				IPHONEOS_DEPLOYMENT_TARGET = 14.0;
				LD_RUNPATH_SEARCH_PATHS = (
					"$(inherited)",
					"@executable_path/Frameworks",
					"@executable_path/../../Frameworks",
				);
				MARKETING_VERSION = 1.1;
				OTHER_LDFLAGS = (
					"$(inherited)",
					"-Wl,-export_dynamic",
				);
				PRODUCT_BUNDLE_IDENTIFIER = com.baconmania.jessi.Worker;
				PRODUCT_NAME = "$(TARGET_NAME)";
				SKIP_INSTALL = YES;
				SUPPORTED_PLATFORMS = iphoneos;
				SUPPORTS_MACCATALYST = NO;
				TARGETED_DEVICE_FAMILY = "1,2";
			};
			name = Debug;
		};
		B1C0F700A1B2C3D4E5F60442 /* Release */ = {
			isa = XCBuildConfiguration;
			buildSettings = {
				CODE_SIGN_ENTITLEMENTS = JESSI/Worker/JessiWorker.entitlements;
				CODE_SIGN_STYLE = Automatic;
				CURRENT_PROJECT_VERSION = 1;
				DEVELOPMENT_TEAM = 6XKA3GY3KZ;
				GCC_SYMBOLS_PRIVATE_EXTERN = NO;
				GENERATE_INFOPLIST_FILE = NO;
				INFOPLIST_FILE = JESSI/Worker/Info.plist;
				IPHONEOS_DEPLOYMENT_TARGET = 14.0;
				LD_RUNPATH_SEARCH_PATHS = (
					"$(inherited)",
					"@executable_path/Frameworks",
					"@executable_path/../../Frameworks",
				);
				MARKETING_VERSION = 1.1;
				OTHER_LDFLAGS = (
					"$(inherited)",
					"-Wl,-export_dynamic",
				);
				PRODUCT_BUNDLE_IDENTIFIER = com.baconmania.jessi.Worker;
				PRODUCT_NAME = "$(TARGET_NAME)";
				SKIP_INSTALL = YES;
				SUPPORTED_PLATFORMS = iphoneos;
				SUPPORTS_MACCATALYST = NO;
				TARGETED_DEVICE_FAMILY = "1,2";
			};
			name = Release;
		};
		B1C0F700A1B2C3D4E5F60541 /* Debug */ = {
			isa = XCBuildConfiguration;
			buildSettings = {
				APPLICATION_EXTENSION_API_ONLY = YES;
				CODE_SIGN_STYLE = Automatic;
				CURRENT_PROJECT_VERSION = 1;
				DEFINES_MODULE = YES;
				DEVELOPMENT_TEAM = 6XKA3GY3KZ;
				DYLIB_COMPATIBILITY_VERSION = 1;
				DYLIB_CURRENT_VERSION = 1;
				DYLIB_INSTALL_NAME_BASE = "@rpath";
				GENERATE_INFOPLIST_FILE = YES;
				INSTALL_PATH = "$(LOCAL_LIBRARY_DIR)/Frameworks";
				IPHONEOS_DEPLOYMENT_TARGET = 14.0;
				LD_RUNPATH_SEARCH_PATHS = (
					"$(inherited)",
					"@executable_path/Frameworks",
					"@loader_path/Frameworks",
				);
				LIBRARY_SEARCH_PATHS = (
					"$(inherited)",
					"$(SRCROOT)/Vendor/idevice",
				);
				MARKETING_VERSION = 1.1;
				OTHER_LDFLAGS = (
					"$(inherited)",
					"-Wl,-hidden-lidevice_ffi",
				);
				PRODUCT_BUNDLE_IDENTIFIER = com.baconmania.jessi.JessiJIT;
				PRODUCT_NAME = "$(TARGET_NAME)";
				SKIP_INSTALL = YES;
				SUPPORTED_PLATFORMS = iphoneos;
				SUPPORTS_MACCATALYST = NO;
				SWIFT_INCLUDE_PATHS = "$(inherited) $(SRCROOT)/Vendor/idevice";
				SWIFT_VERSION = 5.0;
				TARGETED_DEVICE_FAMILY = "1,2";
			};
			name = Debug;
		};
		B1C0F700A1B2C3D4E5F60542 /* Release */ = {
			isa = XCBuildConfiguration;
			buildSettings = {
				APPLICATION_EXTENSION_API_ONLY = YES;
				CODE_SIGN_STYLE = Automatic;
				CURRENT_PROJECT_VERSION = 1;
				DEFINES_MODULE = YES;
				DEVELOPMENT_TEAM = 6XKA3GY3KZ;
				DYLIB_COMPATIBILITY_VERSION = 1;
				DYLIB_CURRENT_VERSION = 1;
				DYLIB_INSTALL_NAME_BASE = "@rpath";
				GENERATE_INFOPLIST_FILE = YES;
				INSTALL_PATH = "$(LOCAL_LIBRARY_DIR)/Frameworks";
				IPHONEOS_DEPLOYMENT_TARGET = 14.0;
				LD_RUNPATH_SEARCH_PATHS = (
					"$(inherited)",
					"@executable_path/Frameworks",
					"@loader_path/Frameworks",
				);
				LIBRARY_SEARCH_PATHS = (
					"$(inherited)",
					"$(SRCROOT)/Vendor/idevice",
				);
				MARKETING_VERSION = 1.1;
				OTHER_LDFLAGS = (
					"$(inherited)",
					"-Wl,-hidden-lidevice_ffi",
				);
				PRODUCT_BUNDLE_IDENTIFIER = com.baconmania.jessi.JessiJIT;
				PRODUCT_NAME = "$(TARGET_NAME)";
				SKIP_INSTALL = YES;
				SUPPORTED_PLATFORMS = iphoneos;
				SUPPORTS_MACCATALYST = NO;
				SWIFT_INCLUDE_PATHS = "$(inherited) $(SRCROOT)/Vendor/idevice";
				SWIFT_VERSION = 5.0;
				TARGETED_DEVICE_FAMILY = "1,2";
			};
			name = Release;
		};
		B1C0F700A1B2C3D4E5F60641 /* Debug */ = {
			isa = XCBuildConfiguration;
			buildSettings = {
				CODE_SIGN_STYLE = Automatic;
				CURRENT_PROJECT_VERSION = 1;
				DEFINES_MODULE = NO;
				DEVELOPMENT_TEAM = 6XKA3GY3KZ;
				DYLIB_COMPATIBILITY_VERSION = 1;
				DYLIB_CURRENT_VERSION = 1;
				DYLIB_INSTALL_NAME_BASE = "@rpath";
				GCC_SYMBOLS_PRIVATE_EXTERN = NO;
				GENERATE_INFOPLIST_FILE = YES;
				INSTALL_PATH = "$(LOCAL_LIBRARY_DIR)/Frameworks";
				IPHONEOS_DEPLOYMENT_TARGET = 14.0;
				LD_RUNPATH_SEARCH_PATHS = (
					"$(inherited)",
					"@executable_path/Frameworks",
					"@loader_path/Frameworks",
				);
				MARKETING_VERSION = 1.1;
				PRODUCT_BUNDLE_IDENTIFIER = com.baconmania.jessi.JessiWorkerCore;
				PRODUCT_NAME = "$(TARGET_NAME)";
				SKIP_INSTALL = YES;
				SUPPORTED_PLATFORMS = iphoneos;
				SUPPORTS_MACCATALYST = NO;
				TARGETED_DEVICE_FAMILY = "1,2";
			};
			name = Debug;
		};
		B1C0F700A1B2C3D4E5F60642 /* Release */ = {
			isa = XCBuildConfiguration;
			buildSettings = {
				CODE_SIGN_STYLE = Automatic;
				CURRENT_PROJECT_VERSION = 1;
				DEFINES_MODULE = NO;
				DEVELOPMENT_TEAM = 6XKA3GY3KZ;
				DYLIB_COMPATIBILITY_VERSION = 1;
				DYLIB_CURRENT_VERSION = 1;
				DYLIB_INSTALL_NAME_BASE = "@rpath";
				GCC_SYMBOLS_PRIVATE_EXTERN = NO;
				GENERATE_INFOPLIST_FILE = YES;
				INSTALL_PATH = "$(LOCAL_LIBRARY_DIR)/Frameworks";
				IPHONEOS_DEPLOYMENT_TARGET = 14.0;
				LD_RUNPATH_SEARCH_PATHS = (
					"$(inherited)",
					"@executable_path/Frameworks",
					"@loader_path/Frameworks",
				);
				MARKETING_VERSION = 1.1;
				PRODUCT_BUNDLE_IDENTIFIER = com.baconmania.jessi.JessiWorkerCore;
				PRODUCT_NAME = "$(TARGET_NAME)";
				SKIP_INSTALL = YES;
				SUPPORTED_PLATFORMS = iphoneos;
				SUPPORTS_MACCATALYST = NO;
				TARGETED_DEVICE_FAMILY = "1,2";
			};
			name = Release;
		};
/* End XCBuildConfiguration section */

/* Begin XCConfigurationList section */
		A6C5248A2F2873DF0030EE41 /* Build configuration list for PBXProject "JESSI" */ = {
			isa = XCConfigurationList;
			buildConfigurations = (
				A6C524982F2873E10030EE41 /* Debug */,
				A6C524992F2873E10030EE41 /* Release */,
			);
			defaultConfigurationIsVisible = 0;
			defaultConfigurationName = Release;
		};
		A6C5249A2F2873E10030EE41 /* Build configuration list for PBXNativeTarget "JESSI" */ = {
			isa = XCConfigurationList;
			buildConfigurations = (
				A6C5249B2F2873E10030EE41 /* Debug */,
				A6C5249C2F2873E10030EE41 /* Release */,
			);
			defaultConfigurationIsVisible = 0;
			defaultConfigurationName = Release;
		};
		B1C0F700A1B2C3D4E5F602D0 /* Build configuration list for PBXNativeTarget "JITHelper" */ = {
			isa = XCConfigurationList;
			buildConfigurations = (
				B1C0F700A1B2C3D4E5F602D1 /* Debug */,
				B1C0F700A1B2C3D4E5F602D2 /* Release */,
			);
			defaultConfigurationIsVisible = 0;
			defaultConfigurationName = Release;
		};
		B1C0F700A1B2C3D4E5F60440 /* Build configuration list for PBXNativeTarget "JESSIWorker" */ = {
			isa = XCConfigurationList;
			buildConfigurations = (
				B1C0F700A1B2C3D4E5F60441 /* Debug */,
				B1C0F700A1B2C3D4E5F60442 /* Release */,
			);
			defaultConfigurationIsVisible = 0;
			defaultConfigurationName = Release;
		};
		B1C0F700A1B2C3D4E5F60540 /* Build configuration list for PBXNativeTarget "JessiJIT" */ = {
			isa = XCConfigurationList;
			buildConfigurations = (
				B1C0F700A1B2C3D4E5F60541 /* Debug */,
				B1C0F700A1B2C3D4E5F60542 /* Release */,
			);
			defaultConfigurationIsVisible = 0;
			defaultConfigurationName = Release;
		};
		B1C0F700A1B2C3D4E5F60640 /* Build configuration list for PBXNativeTarget "JessiWorkerCore" */ = {
			isa = XCConfigurationList;
			buildConfigurations = (
				B1C0F700A1B2C3D4E5F60641 /* Debug */,
				B1C0F700A1B2C3D4E5F60642 /* Release */,
			);
			defaultConfigurationIsVisible = 0;
			defaultConfigurationName = Release;
		};
/* End XCConfigurationList section */

/* Begin XCLocalSwiftPackageReference section */
		B1C0F700A1B2C3D4E5F60120 /* XCLocalSwiftPackageReference "Vendor/ZIPFoundation" */ = {
			isa = XCLocalSwiftPackageReference;
			relativePath = Vendor/ZIPFoundation;
		};
		B1C0F700A1B2C3D4E5F60121 /* XCLocalSwiftPackageReference "Vendor/SWCompression" */ = {
			isa = XCLocalSwiftPackageReference;
			relativePath = Vendor/SWCompression;
		};
/* End XCLocalSwiftPackageReference section */

/* Begin XCSwiftPackageProductDependency section */
		B1C0F700A1B2C3D4E5F60100 /* ZIPFoundation */ = {
			isa = XCSwiftPackageProductDependency;
			package = B1C0F700A1B2C3D4E5F60120 /* XCLocalSwiftPackageReference "Vendor/ZIPFoundation" */;
			productName = ZIPFoundation;
		};
		B1C0F700A1B2C3D4E5F60101 /* SWCompression */ = {
			isa = XCSwiftPackageProductDependency;
			package = B1C0F700A1B2C3D4E5F60121 /* XCLocalSwiftPackageReference "Vendor/SWCompression" */;
			productName = SWCompression;
		};
/* End XCSwiftPackageProductDependency section */
	};
	rootObject = A6C524872F2873DF0030EE41 /* Project object */;
}
